
Microsoft Visual Studio Solution File, Format Version 12.00
# Visual Studio 15
VisualStudioVersion = 15.0.27004.2005
MinimumVisualStudioVersion = 10.0.40219.1
Project("{FAE04EC0-301F-11D3-BF4B-00C04F79EFBC}") = "CC MVC5", "CC MVC5\CC MVC5.csproj", "{F20F505B-9B85-4D10-B74A-4E594717576C}"
EndProject
Global
	GlobalSection(SolutionConfigurationPlatforms) = preSolution
		Debug|Any CPU = Debug|Any CPU
		Release|Any CPU = Release|Any CPU
	EndGlobalSection
	GlobalSection(ProjectConfigurationPlatforms) = postSolution
		{F20F505B-9B85-4D10-B74A-4E594717576C}.Debug|Any CPU.ActiveCfg = Debug|Any CPU
		{F20F505B-9B85-4D10-B74A-4E594717576C}.Debug|Any CPU.Build.0 = Debug|Any CPU
		{F20F505B-9B85-4D10-B74A-4E594717576C}.Release|Any CPU.ActiveCfg = Release|Any CPU
		{F20F505B-9B85-4D10-B74A-4E594717576C}.Release|Any CPU.Build.0 = Release|Any CPU
	EndGlobalSection
	GlobalSection(SolutionProperties) = preSolution
		HideSolutionNode = FALSE
	EndGlobalSection
	GlobalSection(ExtensibilityGlobals) = postSolution
		SolutionGuid = {89CAD91A-9AF6-4439-96BF-9B6A7C835A2B}
	EndGlobalSection
EndGlobal
